
Microsoft Visual Studio Solution File, Format Version 12.00
# Visual Studio Version 17
VisualStudioVersion = 17.0.31903.59
MinimumVisualStudioVersion = 10.0.40219.1
Project("{2150E333-8FDC-42A3-9474-1A3956D46DE8}") = "src", "src", "{827E0CD3-B72D-47B6-A68D-7590B98EB39B}"
EndProject
Project("{FAE04EC0-301F-11D3-BF4B-00C04F79EFBC}") = "TaeStyle.API", "src\TaeStyle.API\TaeStyle.API.csproj", "{FA13D0E3-7DB8-4034-8AEF-10525F1ECEDB}"
EndProject
Project("{FAE04EC0-301F-11D3-BF4B-00C04F79EFBC}") = "TaeStyle.Application", "src\TaeStyle.Application\TaeStyle.Application.csproj", "{17AB65A8-BBDA-45E1-B5D8-39C5D8BC7EF8}"
EndProject
Project("{FAE04EC0-301F-11D3-BF4B-00C04F79EFBC}") = "TaeStyle.Domain", "src\TaeStyle.Domain\TaeStyle.Domain.csproj", "{9E42D7EE-9810-4229-8CF5-66D2511B0DA2}"
EndProject
Project("{FAE04EC0-301F-11D3-BF4B-00C04F79EFBC}") = "TaeStyle.Infrastructure", "src\TaeStyle.Infrastructure\TaeStyle.Infrastructure.csproj", "{0084AE81-3459-4452-8640-DCDC5989A00D}"
EndProject
Project("{2150E333-8FDC-42A3-9474-1A3956D46DE8}") = "tests", "tests", "{0AB3BF05-4346-4AA6-1389-037BE0695223}"
EndProject
Project("{FAE04EC0-301F-11D3-BF4B-00C04F79EFBC}") = "TaeStyle.Tests", "tests\TaeStyle.Tests\TaeStyle.Tests.csproj", "{06449836-5255-4834-A313-FFC4E7CF2F63}"
EndProject
Global
	GlobalSection(SolutionConfigurationPlatforms) = preSolution
		Debug|Any CPU = Debug|Any CPU
		Debug|x64 = Debug|x64
		Debug|x86 = Debug|x86
		Release|Any CPU = Release|Any CPU
		Release|x64 = Release|x64
		Release|x86 = Release|x86
	EndGlobalSection
	GlobalSection(ProjectConfigurationPlatforms) = postSolution
		{FA13D0E3-7DB8-4034-8AEF-10525F1ECEDB}.Debug|Any CPU.ActiveCfg = Debug|Any CPU
		{FA13D0E3-7DB8-4034-8AEF-10525F1ECEDB}.Debug|Any CPU.Build.0 = Debug|Any CPU
		{FA13D0E3-7DB8-4034-8AEF-10525F1ECEDB}.Debug|x64.ActiveCfg = Debug|Any CPU
		{FA13D0E3-7DB8-4034-8AEF-10525F1ECEDB}.Debug|x64.Build.0 = Debug|Any CPU
		{FA13D0E3-7DB8-4034-8AEF-10525F1ECEDB}.Debug|x86.ActiveCfg = Debug|Any CPU
		{FA13D0E3-7DB8-4034-8AEF-10525F1ECEDB}.Debug|x86.Build.0 = Debug|Any CPU
		{FA13D0E3-7DB8-4034-8AEF-10525F1ECEDB}.Release|Any CPU.ActiveCfg = Release|Any CPU
		{FA13D0E3-7DB8-4034-8AEF-10525F1ECEDB}.Release|Any CPU.Build.0 = Release|Any CPU
		{FA13D0E3-7DB8-4034-8AEF-10525F1ECEDB}.Release|x64.ActiveCfg = Release|Any CPU
		{FA13D0E3-7DB8-4034-8AEF-10525F1ECEDB}.Release|x64.Build.0 = Release|Any CPU
		{FA13D0E3-7DB8-4034-8AEF-10525F1ECEDB}.Release|x86.ActiveCfg = Release|Any CPU
		{FA13D0E3-7DB8-4034-8AEF-10525F1ECEDB}.Release|x86.Build.0 = Release|Any CPU
		{17AB65A8-BBDA-45E1-B5D8-39C5D8BC7EF8}.Debug|Any CPU.ActiveCfg = Debug|Any CPU
		{17AB65A8-BBDA-45E1-B5D8-39C5D8BC7EF8}.Debug|Any CPU.Build.0 = Debug|Any CPU
		{17AB65A8-BBDA-45E1-B5D8-39C5D8BC7EF8}.Debug|x64.ActiveCfg = Debug|Any CPU
		{17AB65A8-BBDA-45E1-B5D8-39C5D8BC7EF8}.Debug|x64.Build.0 = Debug|Any CPU
		{17AB65A8-BBDA-45E1-B5D8-39C5D8BC7EF8}.Debug|x86.ActiveCfg = Debug|Any CPU
		{17AB65A8-BBDA-45E1-B5D8-39C5D8BC7EF8}.Debug|x86.Build.0 = Debug|Any CPU
		{17AB65A8-BBDA-45E1-B5D8-39C5D8BC7EF8}.Release|Any CPU.ActiveCfg = Release|Any CPU
		{17AB65A8-BBDA-45E1-B5D8-39C5D8BC7EF8}.Release|Any CPU.Build.0 = Release|Any CPU
		{17AB65A8-BBDA-45E1-B5D8-39C5D8BC7EF8}.Release|x64.ActiveCfg = Release|Any CPU
		{17AB65A8-BBDA-45E1-B5D8-39C5D8BC7EF8}.Release|x64.Build.0 = Release|Any CPU
		{17AB65A8-BBDA-45E1-B5D8-39C5D8BC7EF8}.Release|x86.ActiveCfg = Release|Any CPU
		{17AB65A8-BBDA-45E1-B5D8-39C5D8BC7EF8}.Release|x86.Build.0 = Release|Any CPU
		{9E42D7EE-9810-4229-8CF5-66D2511B0DA2}.Debug|Any CPU.ActiveCfg = Debug|Any CPU
		{9E42D7EE-9810-4229-8CF5-66D2511B0DA2}.Debug|Any CPU.Build.0 = Debug|Any CPU
		{9E42D7EE-9810-4229-8CF5-66D2511B0DA2}.Debug|x64.ActiveCfg = Debug|Any CPU
		{9E42D7EE-9810-4229-8CF5-66D2511B0DA2}.Debug|x64.Build.0 = Debug|Any CPU
		{9E42D7EE-9810-4229-8CF5-66D2511B0DA2}.Debug|x86.ActiveCfg = Debug|Any CPU
		{9E42D7EE-9810-4229-8CF5-66D2511B0DA2}.Debug|x86.Build.0 = Debug|Any CPU
		{9E42D7EE-9810-4229-8CF5-66D2511B0DA2}.Release|Any CPU.ActiveCfg = Release|Any CPU
		{9E42D7EE-9810-4229-8CF5-66D2511B0DA2}.Release|Any CPU.Build.0 = Release|Any CPU
		{9E42D7EE-9810-4229-8CF5-66D2511B0DA2}.Release|x64.ActiveCfg = Release|Any CPU
		{9E42D7EE-9810-4229-8CF5-66D2511B0DA2}.Release|x64.Build.0 = Release|Any CPU
		{9E42D7EE-9810-4229-8CF5-66D2511B0DA2}.Release|x86.ActiveCfg = Release|Any CPU
		{9E42D7EE-9810-4229-8CF5-66D2511B0DA2}.Release|x86.Build.0 = Release|Any CPU
		{0084AE81-3459-4452-8640-DCDC5989A00D}.Debug|Any CPU.ActiveCfg = Debug|Any CPU
		{0084AE81-3459-4452-8640-DCDC5989A00D}.Debug|Any CPU.Build.0 = Debug|Any CPU
		{0084AE81-3459-4452-8640-DCDC5989A00D}.Debug|x64.ActiveCfg = Debug|Any CPU
		{0084AE81-3459-4452-8640-DCDC5989A00D}.Debug|x64.Build.0 = Debug|Any CPU
		{0084AE81-3459-4452-8640-DCDC5989A00D}.Debug|x86.ActiveCfg = Debug|Any CPU
		{0084AE81-3459-4452-8640-DCDC5989A00D}.Debug|x86.Build.0 = Debug|Any CPU
		{0084AE81-3459-4452-8640-DCDC5989A00D}.Release|Any CPU.ActiveCfg = Release|Any CPU
		{0084AE81-3459-4452-8640-DCDC5989A00D}.Release|Any CPU.Build.0 = Release|Any CPU
		{0084AE81-3459-4452-8640-DCDC5989A00D}.Release|x64.ActiveCfg = Release|Any CPU
		{0084AE81-3459-4452-8640-DCDC5989A00D}.Release|x64.Build.0 = Release|Any CPU
		{0084AE81-3459-4452-8640-DCDC5989A00D}.Release|x86.ActiveCfg = Release|Any CPU
		{0084AE81-3459-4452-8640-DCDC5989A00D}.Release|x86.Build.0 = Release|Any CPU
		{06449836-5255-4834-A313-FFC4E7CF2F63}.Debug|Any CPU.ActiveCfg = Debug|Any CPU
		{06449836-5255-4834-A313-FFC4E7CF2F63}.Debug|Any CPU.Build.0 = Debug|Any CPU
		{06449836-5255-4834-A313-FFC4E7CF2F63}.Debug|x64.ActiveCfg = Debug|Any CPU
		{06449836-5255-4834-A313-FFC4E7CF2F63}.Debug|x64.Build.0 = Debug|Any CPU
		{06449836-5255-4834-A313-FFC4E7CF2F63}.Debug|x86.ActiveCfg = Debug|Any CPU
		{06449836-5255-4834-A313-FFC4E7CF2F63}.Debug|x86.Build.0 = Debug|Any CPU
		{06449836-5255-4834-A313-FFC4E7CF2F63}.Release|Any CPU.ActiveCfg = Release|Any CPU
		{06449836-5255-4834-A313-FFC4E7CF2F63}.Release|Any CPU.Build.0 = Release|Any CPU
		{06449836-5255-4834-A313-FFC4E7CF2F63}.Release|x64.ActiveCfg = Release|Any CPU
		{06449836-5255-4834-A313-FFC4E7CF2F63}.Release|x64.Build.0 = Release|Any CPU
		{06449836-5255-4834-A313-FFC4E7CF2F63}.Release|x86.ActiveCfg = Release|Any CPU
		{06449836-5255-4834-A313-FFC4E7CF2F63}.Release|x86.Build.0 = Release|Any CPU
	EndGlobalSection
	GlobalSection(SolutionProperties) = preSolution
		HideSolutionNode = FALSE
	EndGlobalSection
	GlobalSection(NestedProjects) = preSolution
		{FA13D0E3-7DB8-4034-8AEF-10525F1ECEDB} = {827E0CD3-B72D-47B6-A68D-7590B98EB39B}
		{17AB65A8-BBDA-45E1-B5D8-39C5D8BC7EF8} = {827E0CD3-B72D-47B6-A68D-7590B98EB39B}
		{9E42D7EE-9810-4229-8CF5-66D2511B0DA2} = {827E0CD3-B72D-47B6-A68D-7590B98EB39B}
		{0084AE81-3459-4452-8640-DCDC5989A00D} = {827E0CD3-B72D-47B6-A68D-7590B98EB39B}
		{06449836-5255-4834-A313-FFC4E7CF2F63} = {0AB3BF05-4346-4AA6-1389-037BE0695223}
	EndGlobalSection
EndGlobal
